bitbucket.org/shovanmaity/go-pvt-module v0.0.1 h1:yLL/u//ifn3YB+i4Db3jCELCRnayQ4ZoVzyNbe+B8w4=
bitbucket.org/shovanmaity/go-pvt-module v0.0.1/go.mod h1:52wZWuvdUB2bMybroZq9mBR3+Po/67DGOvZMfkIAAwk=
github.com/shovanmaity/go-pvt-module v0.0.1 h1:9mXXTyPwWwSj4Sly/9FyeKVkucRzVe/BaI6J1zeuysw=
github.com/shovanmaity/go-pvt-module v0.0.1/go.mod h1:B/30tx6omPqMvhWXTK2L1LHtOnCST6mfBc0kroPqftc=
gitlab.com/shovanmaity/go-pvt-module v0.0.1 h1:1+GkLRZRnh58fyLaQGsvT26hbiH27TpMRwaTin43qac=
gitlab.com/shovanmaity/go-pvt-module v0.0.1/go.mod h1:ft6M5Ijs34nVvh29NEE/CoTZRi6ZPFBXhAlIv3NxrqI=
